
Microsoft Visual Studio Solution File, Format Version 12.00
# Visual Studio Version 16
VisualStudioVersion = 16.0.29728.190
MinimumVisualStudioVersion = 10.0.40219.1
Project("{FAE04EC0-301F-11D3-BF4B-00C04F79EFBC}") = "DddInPratice.Logic", "DddInPratice.Logic\DddInPratice.Logic.csproj", "{70A55A3A-6E57-4114-AA81-FC03713B8FF6}"
EndProject
Project("{FAE04EC0-301F-11D3-BF4B-00C04F79EFBC}") = "DddInPraticeUnitTest", "DddInPraticeUnitTest\DddInPraticeUnitTest.csproj", "{6E951A74-EBDB-493A-95BC-F65C9D8AF9B9}"
EndProject
Global
	GlobalSection(SolutionConfigurationPlatforms) = preSolution
		Debug|Any CPU = Debug|Any CPU
		Release|Any CPU = Release|Any CPU
	EndGlobalSection
	GlobalSection(ProjectConfigurationPlatforms) = postSolution
		{70A55A3A-6E57-4114-AA81-FC03713B8FF6}.Debug|Any CPU.ActiveCfg = Debug|Any CPU
		{70A55A3A-6E57-4114-AA81-FC03713B8FF6}.Debug|Any CPU.Build.0 = Debug|Any CPU
		{70A55A3A-6E57-4114-AA81-FC03713B8FF6}.Release|Any CPU.ActiveCfg = Release|Any CPU
		{70A55A3A-6E57-4114-AA81-FC03713B8FF6}.Release|Any CPU.Build.0 = Release|Any CPU
		{6E951A74-EBDB-493A-95BC-F65C9D8AF9B9}.Debug|Any CPU.ActiveCfg = Debug|Any CPU
		{6E951A74-EBDB-493A-95BC-F65C9D8AF9B9}.Debug|Any CPU.Build.0 = Debug|Any CPU
		{6E951A74-EBDB-493A-95BC-F65C9D8AF9B9}.Release|Any CPU.ActiveCfg = Release|Any CPU
		{6E951A74-EBDB-493A-95BC-F65C9D8AF9B9}.Release|Any CPU.Build.0 = Release|Any CPU
	EndGlobalSection
	GlobalSection(SolutionProperties) = preSolution
		HideSolutionNode = FALSE
	EndGlobalSection
	GlobalSection(ExtensibilityGlobals) = postSolution
		SolutionGuid = {0A3F90D5-8731-42CB-A0B0-DCD9EE1FC9E9}
	EndGlobalSection
EndGlobal
